
Microsoft Visual Studio Solution File, Format Version 12.00
# Visual Studio Version 17
VisualStudioVersion = 17.10.35013.160
MinimumVisualStudioVersion = 10.0.40219.1
Project("{FAE04EC0-301F-11D3-BF4B-00C04F79EFBC}") = "SistemaEstoque.Domain", "SistemaEstoque.Domain\SistemaEstoque.Domain.csproj", "{FB5C859B-922E-4F75-8720-5310DA1DE2D9}"
EndProject
Global
	GlobalSection(SolutionConfigurationPlatforms) = preSolution
		Debug|Any CPU = Debug|Any CPU
		Release|Any CPU = Release|Any CPU
	EndGlobalSection
	GlobalSection(ProjectConfigurationPlatforms) = postSolution
		{FB5C859B-922E-4F75-8720-5310DA1DE2D9}.Debug|Any CPU.ActiveCfg = Debug|Any CPU
		{FB5C859B-922E-4F75-8720-5310DA1DE2D9}.Debug|Any CPU.Build.0 = Debug|Any CPU
		{FB5C859B-922E-4F75-8720-5310DA1DE2D9}.Release|Any CPU.ActiveCfg = Release|Any CPU
		{FB5C859B-922E-4F75-8720-5310DA1DE2D9}.Release|Any CPU.Build.0 = Release|Any CPU
	EndGlobalSection
	GlobalSection(SolutionProperties) = preSolution
		HideSolutionNode = FALSE
	EndGlobalSection
	GlobalSection(ExtensibilityGlobals) = postSolution
		SolutionGuid = {6E478FE0-58A7-4C78-88E7-B69C534901F7}
	EndGlobalSection
EndGlobal
